
Microsoft Visual Studio Solution File, Format Version 12.00
# Visual Studio 15
VisualStudioVersion = 15.0.26730.3
MinimumVisualStudioVersion = 10.0.40219.1
Project("{FAE04EC0-301F-11D3-BF4B-00C04F79EFBC}") = "Fovea", "Fovea\Fovea.csproj", "{88BF0601-1167-4A92-AC96-E568C4307E1A}"
EndProject
Project("{FAE04EC0-301F-11D3-BF4B-00C04F79EFBC}") = "Fovea.Tests", "Fovea.Tests\Fovea.Tests.csproj", "{F62F2BC6-CCF0-4DFC-9D61-9A58554D6FAE}"
EndProject
Global
	GlobalSection(SolutionConfigurationPlatforms) = preSolution
		Debug|Any CPU = Debug|Any CPU
		Release|Any CPU = Release|Any CPU
	EndGlobalSection
	GlobalSection(ProjectConfigurationPlatforms) = postSolution
		{88BF0601-1167-4A92-AC96-E568C4307E1A}.Debug|Any CPU.ActiveCfg = Debug|Any CPU
		{88BF0601-1167-4A92-AC96-E568C4307E1A}.Debug|Any CPU.Build.0 = Debug|Any CPU
		{88BF0601-1167-4A92-AC96-E568C4307E1A}.Release|Any CPU.ActiveCfg = Release|Any CPU
		{88BF0601-1167-4A92-AC96-E568C4307E1A}.Release|Any CPU.Build.0 = Release|Any CPU
		{F62F2BC6-CCF0-4DFC-9D61-9A58554D6FAE}.Debug|Any CPU.ActiveCfg = Debug|Any CPU
		{F62F2BC6-CCF0-4DFC-9D61-9A58554D6FAE}.Debug|Any CPU.Build.0 = Debug|Any CPU
		{F62F2BC6-CCF0-4DFC-9D61-9A58554D6FAE}.Release|Any CPU.ActiveCfg = Release|Any CPU
		{F62F2BC6-CCF0-4DFC-9D61-9A58554D6FAE}.Release|Any CPU.Build.0 = Release|Any CPU
	EndGlobalSection
	GlobalSection(SolutionProperties) = preSolution
		HideSolutionNode = FALSE
	EndGlobalSection
	GlobalSection(ExtensibilityGlobals) = postSolution
		SolutionGuid = {99FC6D59-8476-45B0-9EF5-A7386CCB9AC5}
	EndGlobalSection
EndGlobal
